# This file is autogenerated, do not edit; changes may be undone by the next 'dep ensure'.


[[projects]]
  branch = "master"
  name = "github.com/tanelpuhu/go"
  packages = ["str"]
  revision = "6d5deb50f364b3c1f5828d957baec572f0630cdf"

[solve-meta]
  analyzer-name = "dep"
  analyzer-version = 1
  inputs-digest = "24d941850a9f89b1143eb19c1c4cf7421f1841a0e5503b8af0ef3d7347fd859c"
  solver-name = "gps-cdcl"
  solver-version = 1
